
Microsoft Visual Studio Solution File, Format Version 12.00
# Visual Studio 15
VisualStudioVersion = 15.0.27130.2027
MinimumVisualStudioVersion = 10.0.40219.1
Project("{FAE04EC0-301F-11D3-BF4B-00C04F79EFBC}") = "recruitment", "recruitment\recruitment.csproj", "{0B3A6D0B-1D37-4F4B-ABF2-79D4B37C9F01}"
EndProject
Project("{FAE04EC0-301F-11D3-BF4B-00C04F79EFBC}") = "Recruitment.Data", "Recruitment.Data\Recruitment.Data.csproj", "{0FEFF7A6-C889-4F39-9CA0-0BEF1B4AFD78}"
EndProject
Global
	GlobalSection(SolutionConfigurationPlatforms) = preSolution
		Debug|Any CPU = Debug|Any CPU
		Release|Any CPU = Release|Any CPU
	EndGlobalSection
	GlobalSection(ProjectConfigurationPlatforms) = postSolution
		{0B3A6D0B-1D37-4F4B-ABF2-79D4B37C9F01}.Debug|Any CPU.ActiveCfg = Debug|Any CPU
		{0B3A6D0B-1D37-4F4B-ABF2-79D4B37C9F01}.Debug|Any CPU.Build.0 = Debug|Any CPU
		{0B3A6D0B-1D37-4F4B-ABF2-79D4B37C9F01}.Release|Any CPU.ActiveCfg = Release|Any CPU
		{0B3A6D0B-1D37-4F4B-ABF2-79D4B37C9F01}.Release|Any CPU.Build.0 = Release|Any CPU
		{0FEFF7A6-C889-4F39-9CA0-0BEF1B4AFD78}.Debug|Any CPU.ActiveCfg = Debug|Any CPU
		{0FEFF7A6-C889-4F39-9CA0-0BEF1B4AFD78}.Debug|Any CPU.Build.0 = Debug|Any CPU
		{0FEFF7A6-C889-4F39-9CA0-0BEF1B4AFD78}.Release|Any CPU.ActiveCfg = Release|Any CPU
		{0FEFF7A6-C889-4F39-9CA0-0BEF1B4AFD78}.Release|Any CPU.Build.0 = Release|Any CPU
	EndGlobalSection
	GlobalSection(SolutionProperties) = preSolution
		HideSolutionNode = FALSE
	EndGlobalSection
	GlobalSection(ExtensibilityGlobals) = postSolution
		SolutionGuid = {13A4E6A7-C02C-4888-B29C-48C90C9FBB3F}
	EndGlobalSection
EndGlobal
